// !$*UTF8*$!
{
	archiveVersion = 1;
	classes = {
	};
	objectVersion = 46;
	objects = {

/* Begin PBXBuildFile section */
		4DA1A1791CA5164600FEDD7B /* AppDelegate.swift in Sources */ = {isa = PBXBuildFile; fileRef = 4DA1A1781CA5164600FEDD7B /* AppDelegate.swift */; };
		4DA1A17B1CA5164600FEDD7B /* ViewController.swift in Sources */ = {isa = PBXBuildFile; fileRef = 4DA1A17A1CA5164600FEDD7B /* ViewController.swift */; };
		4DA1A17E1CA5164600FEDD7B /* Main.storyboard in Resources */ = {isa = PBXBuildFile; fileRef = 4DA1A17C1CA5164600FEDD7B /* Main.storyboard */; };
		4DA1A1801CA5164600FEDD7B /* Assets.xcassets in Resources */ = {isa = PBXBuildFile; fileRef = 4DA1A17F1CA5164600FEDD7B /* Assets.xcassets */; };
		4DA1A1831CA5164600FEDD7B /* LaunchScreen.storyboard in Resources */ = {isa = PBXBuildFile; fileRef = 4DA1A1811CA5164600FEDD7B /* LaunchScreen.storyboard */; };
		4DA1A18E1CA51D4C00FEDD7B /* Student.swift in Sources */ = {isa = PBXBuildFile; fileRef = 4DA1A18D1CA51D4C00FEDD7B /* Student.swift */; };
		4DA1A1931CA51FF500FEDD7B /* QSObject.swift in Sources */ = {isa = PBXBuildFile; fileRef = 4DA1A1921CA51FF500FEDD7B /* QSObject.swift */; };
/* End PBXBuildFile section */

/* Begin PBXFileReference section */
		4DA1A1751CA5164600FEDD7B /* testRunTimeSwfit.app */ = {isa = PBXFileReference; explicitFileType = wrapper.application; includeInIndex = 0; path = testRunTimeSwfit.app; sourceTree = BUILT_PRODUCTS_DIR; };
		4DA1A1781CA5164600FEDD7B /* AppDelegate.swift */ = {isa = PBXFileReference; lastKnownFileType = sourcecode.swift; path = AppDelegate.swift; sourceTree = "<group>"; };
		4DA1A17A1CA5164600FEDD7B /* ViewController.swift */ = {isa = PBXFileReference; lastKnownFileType = sourcecode.swift; path = ViewController.swift; sourceTree = "<group>"; };
		4DA1A17D1CA5164600FEDD7B /* Base */ = {isa = PBXFileReference; lastKnownFileType = file.storyboard; name = Base; path = Base.lproj/Main.storyboard; sourceTree = "<group>"; };
		4DA1A17F1CA5164600FEDD7B /* Assets.xcassets */ = {isa = PBXFileReference; lastKnownFileType = folder.assetcatalog; path = Assets.xcassets; sourceTree = "<group>"; };
		4DA1A1821CA5164600FEDD7B /* Base */ = {isa = PBXFileReference; lastKnownFileType = file.storyboard; name = Base; path = Base.lproj/LaunchScreen.storyboard; sourceTree = "<group>"; };
		4DA1A1841CA5164600FEDD7B /* Info.plist */ = {isa = PBXFileReference; lastKnownFileType = text.plist.xml; path = Info.plist; sourceTree = "<group>"; };
		4DA1A18D1CA51D4C00FEDD7B /* Student.swift */ = {isa = PBXFileReference; fileEncoding = 4; lastKnownFileType = sourcecode.swift; path = Student.swift; sourceTree = "<group>"; };
		4DA1A1921CA51FF500FEDD7B /* QSObject.swift */ = {isa = PBXFileReference; fileEncoding = 4; lastKnownFileType = sourcecode.swift; path = QSObject.swift; sourceTree = "<group>"; };
/* End PBXFileReference section */

/* Begin PBXFrameworksBuildPhase section */
		4DA1A1721CA5164600FEDD7B /* Frameworks */ = {
			isa = PBXFrameworksBuildPhase;
			buildActionMask = 2147483647;
			files = (
			);
			runOnlyForDeploymentPostprocessing = 0;
		};
/* End PBXFrameworksBuildPhase section */

/* Begin PBXGroup section */
		4DA1A16C1CA5164600FEDD7B = {
			isa = PBXGroup;
			children = (
				4DA1A1771CA5164600FEDD7B /* testRunTimeSwfit */,
				4DA1A1761CA5164600FEDD7B /* Products */,
			);
			sourceTree = "<group>";
		};
		4DA1A1761CA5164600FEDD7B /* Products */ = {
			isa = PBXGroup;
			children = (
				4DA1A1751CA5164600FEDD7B /* testRunTimeSwfit.app */,
			);
			name = Products;
			sourceTree = "<group>";
		};
		4DA1A1771CA5164600FEDD7B /* testRunTimeSwfit */ = {
			isa = PBXGroup;
			children = (
				4DA1A1911CA51FDE00FEDD7B /* NSObject */,
				4DA1A18C1CA51D1E00FEDD7B /* Student */,
				4DA1A1781CA5164600FEDD7B /* AppDelegate.swift */,
				4DA1A17A1CA5164600FEDD7B /* ViewController.swift */,
				4DA1A17C1CA5164600FEDD7B /* Main.storyboard */,
				4DA1A17F1CA5164600FEDD7B /* Assets.xcassets */,
				4DA1A1811CA5164600FEDD7B /* LaunchScreen.storyboard */,
				4DA1A1841CA5164600FEDD7B /* Info.plist */,
			);
			path = testRunTimeSwfit;
			sourceTree = "<group>";
		};
		4DA1A18C1CA51D1E00FEDD7B /* Student */ = {
			isa = PBXGroup;
			children = (
				4DA1A18D1CA51D4C00FEDD7B /* Student.swift */,
			);
			name = Student;
			sourceTree = "<group>";
		};
		4DA1A1911CA51FDE00FEDD7B /* NSObject */ = {
			isa = PBXGroup;
			children = (
				4DA1A1921CA51FF500FEDD7B /* QSObject.swift */,
			);
			name = NSObject;
			sourceTree = "<group>";
		};
/* End PBXGroup section */

/* Begin PBXNativeTarget section */
		4DA1A1741CA5164600FEDD7B /* testRunTimeSwfit */ = {
			isa = PBXNativeTarget;
			buildConfigurationList = 4DA1A1871CA5164600FEDD7B /* Build configuration list for PBXNativeTarget "testRunTimeSwfit" */;
			buildPhases = (
				4DA1A1711CA5164600FEDD7B /* Sources */,
				4DA1A1721CA5164600FEDD7B /* Frameworks */,
				4DA1A1731CA5164600FEDD7B /* Resources */,
			);
			buildRules = (
			);
			dependencies = (
			);
			name = testRunTimeSwfit;
			productName = testRunTimeSwfit;
			productReference = 4DA1A1751CA5164600FEDD7B /* testRunTimeSwfit.app */;
			productType = "com.apple.product-type.application";
		};
/* End PBXNativeTarget section */

/* Begin PBXProject section */
		4DA1A16D1CA5164600FEDD7B /* Project object */ = {
			isa = PBXProject;
			attributes = {
				LastSwiftUpdateCheck = 0720;
				LastUpgradeCheck = 0720;
				ORGANIZATIONNAME = hqs;
				TargetAttributes = {
					4DA1A1741CA5164600FEDD7B = {
						CreatedOnToolsVersion = 7.2;
					};
				};
			};
			buildConfigurationList = 4DA1A1701CA5164600FEDD7B /* Build configuration list for PBXProject "testRunTimeSwfit" */;
			compatibilityVersion = "Xcode 3.2";
			developmentRegion = English;
			hasScannedForEncodings = 0;
			knownRegions = (
				en,
				Base,
			);
			mainGroup = 4DA1A16C1CA5164600FEDD7B;
			productRefGroup = 4DA1A1761CA5164600FEDD7B /* Products */;
			projectDirPath = "";
			projectRoot = "";
			targets = (
				4DA1A1741CA5164600FEDD7B /* testRunTimeSwfit */,
			);
		};
/* End PBXProject section */

/* Begin PBXResourcesBuildPhase section */
		4DA1A1731CA5164600FEDD7B /* Resources */ = {
			isa = PBXResourcesBuildPhase;
			buildActionMask = 2147483647;
			files = (
				4DA1A1831CA5164600FEDD7B /* LaunchScreen.storyboard in Resources */,
				4DA1A1801CA5164600FEDD7B /* Assets.xcassets in Resources */,
				4DA1A17E1CA5164600FEDD7B /* Main.storyboard in Resources */,
			);
			runOnlyForDeploymentPostprocessing = 0;
		};
/* End PBXResourcesBuildPhase section */

/* Begin PBXSourcesBuildPhase section */
		4DA1A1711CA5164600FEDD7B /* Sources */ = {
			isa = PBXSourcesBuildPhase;
			buildActionMask = 2147483647;
			files = (
				4DA1A1931CA51FF500FEDD7B /* QSObject.swift in Sources */,
				4DA1A17B1CA5164600FEDD7B /* ViewController.swift in Sources */,
				4DA1A1791CA5164600FEDD7B /* AppDelegate.swift in Sources */,
				4DA1A18E1CA51D4C00FEDD7B /* Student.swift in Sources */,
			);
			runOnlyForDeploymentPostprocessing = 0;
		};
/* End PBXSourcesBuildPhase section */

/* Begin PBXVariantGroup section */
		4DA1A17C1CA5164600FEDD7B /* Main.storyboard */ = {
			isa = PBXVariantGroup;
			children = (
				4DA1A17D1CA5164600FEDD7B /* Base */,
			);
			name = Main.storyboard;
			sourceTree = "<group>";
		};
		4DA1A1811CA5164600FEDD7B /* LaunchScreen.storyboard */ = {
			isa = PBXVariantGroup;
			children = (
				4DA1A1821CA5164600FEDD7B /* Base */,
			);
			name = LaunchScreen.storyboard;
			sourceTree = "<group>";
		};
/* End PBXVariantGroup section */

/* Begin XCBuildConfiguration section */
		4DA1A1851CA5164600FEDD7B /* Debug */ = {
			isa = XCBuildConfiguration;
			buildSettings = {
				ALWAYS_SEARCH_USER_PATHS = NO;
				CLANG_CXX_LANGUAGE_STANDARD = "gnu++0x";
				CLANG_CXX_LIBRARY = "libc++";
				CLANG_ENABLE_MODULES = YES;
				CLANG_ENABLE_OBJC_ARC = YES;
				CLANG_WARN_BOOL_CONVERSION = YES;
				CLANG_WARN_CONSTANT_CONVERSION = YES;
				CLANG_WARN_DIRECT_OBJC_ISA_USAGE = YES_ERROR;
				CLANG_WARN_EMPTY_BODY = YES;
				CLANG_WARN_ENUM_CONVERSION = YES;
				CLANG_WARN_INT_CONVERSION = YES;
				CLANG_WARN_OBJC_ROOT_CLASS = YES_ERROR;
				CLANG_WARN_UNREACHABLE_CODE = YES;
				CLANG_WARN__DUPLICATE_METHOD_MATCH = YES;
				"CODE_SIGN_IDENTITY[sdk=iphoneos*]" = "iPhone Developer";
				COPY_PHASE_STRIP = NO;
				DEBUG_INFORMATION_FORMAT = dwarf;
				ENABLE_STRICT_OBJC_MSGSEND = YES;
				ENABLE_TESTABILITY = YES;
				GCC_C_LANGUAGE_STANDARD = gnu99;
				GCC_DYNAMIC_NO_PIC = NO;
				GCC_NO_COMMON_BLOCKS = YES;
				GCC_OPTIMIZATION_LEVEL = 0;
				GCC_PREPROCESSOR_DEFINITIONS = (
					"DEBUG=1",
					"$(inherited)",
				);
				GCC_WARN_64_TO_32_BIT_CONVERSION = YES;
				GCC_WARN_ABOUT_RETURN_TYPE = YES_ERROR;
				GCC_WARN_UNDECLARED_SELECTOR = YES;
				GCC_WARN_UNINITIALIZED_AUTOS = YES_AGGRESSIVE;
				GCC_WARN_UNUSED_FUNCTION = YES;
				GCC_WARN_UNUSED_VARIABLE = YES;
				IPHONEOS_DEPLOYMENT_TARGET = 9.2;
				MTL_ENABLE_DEBUG_INFO = YES;
				ONLY_ACTIVE_ARCH = YES;
				SDKROOT = iphoneos;
				SWIFT_OPTIMIZATION_LEVEL = "-Onone";
			};
			name = Debug;
		};
		4DA1A1861CA5164600FEDD7B /* Release */ = {
			isa = XCBuildConfiguration;
			buildSettings = {
				ALWAYS_SEARCH_USER_PATHS = NO;
				CLANG_CXX_LANGUAGE_STANDARD = "gnu++0x";
				CLANG_CXX_LIBRARY = "libc++";
				CLANG_ENABLE_MODULES = YES;
				CLANG_ENABLE_OBJC_ARC = YES;
				CLANG_WARN_BOOL_CONVERSION = YES;
				CLANG_WARN_CONSTANT_CONVERSION = YES;
				CLANG_WARN_DIRECT_OBJC_ISA_USAGE = YES_ERROR;
				CLANG_WARN_EMPTY_BODY = YES;
				CLANG_WARN_ENUM_CONVERSION = YES;
				CLANG_WARN_INT_CONVERSION = YES;
				CLANG_WARN_OBJC_ROOT_CLASS = YES_ERROR;
				CLANG_WARN_UNREACHABLE_CODE = YES;
				CLANG_WARN__DUPLICATE_METHOD_MATCH = YES;
				"CODE_SIGN_IDENTITY[sdk=iphoneos*]" = "iPhone Developer";
				COPY_PHASE_STRIP = NO;
				DEBUG_INFORMATION_FORMAT = "dwarf-with-dsym";
				ENABLE_NS_ASSERTIONS = NO;
				ENABLE_STRICT_OBJC_MSGSEND = YES;
				GCC_C_LANGUAGE_STANDARD = gnu99;
				GCC_NO_COMMON_BLOCKS = YES;
				GCC_WARN_64_TO_32_BIT_CONVERSION = YES;
				GCC_WARN_ABOUT_RETURN_TYPE = YES_ERROR;
				GCC_WARN_UNDECLARED_SELECTOR = YES;
				GCC_WARN_UNINITIALIZED_AUTOS = YES_AGGRESSIVE;
				GCC_WARN_UNUSED_FUNCTION = YES;
				GCC_WARN_UNUSED_VARIABLE = YES;
				IPHONEOS_DEPLOYMENT_TARGET = 9.2;
				MTL_ENABLE_DEBUG_INFO = NO;
				SDKROOT = iphoneos;
				VALIDATE_PRODUCT = YES;
			};
			name = Release;
		};
		4DA1A1881CA5164600FEDD7B /* Debug */ = {
			isa = XCBuildConfiguration;
			buildSettings = {
				ASSETCATALOG_COMPILER_APPICON_NAME = AppIcon;
				CLANG_ENABLE_MODULES = YES;
				INFOPLIST_FILE = testRunTimeSwfit/Info.plist;
				LD_RUNPATH_SEARCH_PATHS = "$(inherited) @executable_path/Frameworks";
				PRODUCT_BUNDLE_IDENTIFIER = hqs.testRunTimeSwfit;
				PRODUCT_NAME = "$(TARGET_NAME)";
				SWIFT_OBJC_BRIDGING_HEADER = "";
				SWIFT_OPTIMIZATION_LEVEL = "-Onone";
			};
			name = Debug;
		};
		4DA1A1891CA5164600FEDD7B /* Release */ = {
			isa = XCBuildConfiguration;
			buildSettings = {
				ASSETCATALOG_COMPILER_APPICON_NAME = AppIcon;
				CLANG_ENABLE_MODULES = YES;
				INFOPLIST_FILE = testRunTimeSwfit/Info.plist;
				LD_RUNPATH_SEARCH_PATHS = "$(inherited) @executable_path/Frameworks";
				PRODUCT_BUNDLE_IDENTIFIER = hqs.testRunTimeSwfit;
				PRODUCT_NAME = "$(TARGET_NAME)";
				SWIFT_OBJC_BRIDGING_HEADER = "";
			};
			name = Release;
		};
/* End XCBuildConfiguration section */

/* Begin XCConfigurationList section */
		4DA1A1701CA5164600FEDD7B /* Build configuration list for PBXProject "testRunTimeSwfit" */ = {
			isa = XCConfigurationList;
			buildConfigurations = (
				4DA1A1851CA5164600FEDD7B /* Debug */,
				4DA1A1861CA5164600FEDD7B /* Release */,
			);
			defaultConfigurationIsVisible = 0;
			defaultConfigurationName = Release;
		};
		4DA1A1871CA5164600FEDD7B /* Build configuration list for PBXNativeTarget "testRunTimeSwfit" */ = {
			isa = XCConfigurationList;
			buildConfigurations = (
				4DA1A1881CA5164600FEDD7B /* Debug */,
				4DA1A1891CA5164600FEDD7B /* Release */,
			);
			defaultConfigurationIsVisible = 0;
		};
/* End XCConfigurationList section */
	};
	rootObject = 4DA1A16D1CA5164600FEDD7B /* Project object */;
}
